{
  "name": "incoming",
  "version": "1.0.0",
  "lockfileVersion": 3,
  "requires": true,
  "packages": {
    "": {
      "name": "incoming",
      "version": "1.0.0",
      "license": "ISC",
      "dependencies": {
        "interfaces": "github:Prabuddhika96/JSM-Interfaces"
      },
      "devDependencies": {
        "typescript": "^5.5.4"
      }
    },
    "node_modules/interfaces": {
      "version": "1.0.0",
      "resolved": "git+ssh://git@github.com/Prabuddhika96/JSM-Interfaces.git#b44be966a1d38fd7a12f2ac8c3fa2dc0ef0ddef0"
    },
    "node_modules/typescript": {
      "version": "5.5.4",
      "resolved": "https://registry.npmjs.org/typescript/-/typescript-5.5.4.tgz",
      "integrity": "sha512-Mtq29sKDAEYP7aljRgtPOpTvOfbwRWlS6dPRzwjdE+C0R4brX/GUyhHSecbHMFLNBLcJIPt9nl9yG5TZ1weH+Q==",
      "dev": true,
      "bin": {
        "tsc": "bin/tsc",
        "tsserver": "bin/tsserver"
      },
      "engines": {
        "node": ">=14.17"
      }
    }
  }
}
